{
  "nodes": {
    "brew-src": {
      "flake": false,
      "locked": {
        "lastModified": 1779028703,
        "narHash": "sha256-SmZxIR6A9pVYKVk1kLW6bopGmEdW9PyPKeRZttS80qg=",
        "owner": "Homebrew",
        "repo": "brew",
        "rev": "87eb5218dbdf72efadf533d851475dc9411debf6",
        "type": "github"
      },
      "original": {
        "owner": "Homebrew",
        "ref": "5.1.11",
        "repo": "brew",
        "type": "github"
      }
    },
    "darwin": {
      "inputs": {
        "nixpkgs": [
          "nixpkgs"
        ]
      },
      "locked": {
        "lastModified": 1779003074,
        "narHash": "sha256-fzWN7BoguvtZtxEohqSHpn1mE+WC8cQ587xNTW5fe4g=",
        "owner": "LnL7",
        "repo": "nix-darwin",
        "rev": "1e107a7b92c6910f0e910d9f2520f5791189a01b",
        "type": "github"
      },
      "original": {
        "owner": "LnL7",
        "ref": "master",
        "repo": "nix-darwin",
        "type": "github"
      }
    },
    "home-manager": {
      "inputs": {
        "nixpkgs": [
          "nixpkgs"
        ]
      },
      "locked": {
        "lastModified": 1779027260,
        "narHash": "sha256-ZbgWWFQmSyM3HQ31nAZk2hJ7OSeNr9uRFHL8jCifY9M=",
        "owner": "nix-community",
        "repo": "home-manager",
        "rev": "bcb774cfc3268120cd61808629f9aa7dad3750a2",
        "type": "github"
      },
      "original": {
        "owner": "nix-community",
        "repo": "home-manager",
        "type": "github"
      }
    },
    "homebrew-cask": {
      "flake": false,
      "locked": {
        "lastModified": 1779027562,
        "narHash": "sha256-F1hC04kY0Psr9KogbVfgE8/cioVWajD7+dCoQMjNGX8=",
        "owner": "homebrew",
        "repo": "homebrew-cask",
        "rev": "8e2102b98936be2fc259a09907db5ff65058bf7b",
        "type": "github"
      },
      "original": {
        "owner": "homebrew",
        "repo": "homebrew-cask",
        "type": "github"
      }
    },
    "homebrew-core": {
      "flake": false,
      "locked": {
        "lastModified": 1779025113,
        "narHash": "sha256-TxzHCERB3fzyYONv2DQFWovRbUik9izyZWfFZ4RgeWg=",
        "owner": "homebrew",
        "repo": "homebrew-core",
        "rev": "41c7f574125d71b2b08df1b14bb6f19e282d2ce1",
        "type": "github"
      },
      "original": {
        "owner": "homebrew",
        "repo": "homebrew-core",
        "type": "github"
      }
    },
    "nix-homebrew": {
      "inputs": {
        "brew-src": "brew-src"
      },
      "locked": {
        "lastModified": 1778851564,
        "narHash": "sha256-p8wzcnpB2Iys+QzAKM9/Eyw/pUyqCO3sw/NCnDH4dTE=",
        "owner": "zhaofengli",
        "repo": "nix-homebrew",
        "rev": "b3a87b4793205cc111f3c61e25e018ffac3b8039",
        "type": "github"
      },
      "original": {
        "owner": "zhaofengli",
        "repo": "nix-homebrew",
        "type": "github"
      }
    },
    "nixpkgs": {
      "locked": {
        "lastModified": 1778869304,
        "narHash": "sha256-30sZNZoA1cqF5JNO9fVX+wgiQYjB7HJqqJ4ztCDeBZE=",
        "owner": "NixOS",
        "repo": "nixpkgs",
        "rev": "d233902339c02a9c334e7e593de68855ad26c4cb",
        "type": "github"
      },
      "original": {
        "owner": "NixOS",
        "ref": "nixpkgs-unstable",
        "repo": "nixpkgs",
        "type": "github"
      }
    },
    "root": {
      "inputs": {
        "darwin": "darwin",
        "home-manager": "home-manager",
        "homebrew-cask": "homebrew-cask",
        "homebrew-core": "homebrew-core",
        "nix-homebrew": "nix-homebrew",
        "nixpkgs": "nixpkgs"
      }
    }
  },
  "root": "root",
  "version": 7
}
