{
  "nodes": {
    "brew-src": {
      "flake": false,
      "locked": {
        "lastModified": 1778174498,
        "narHash": "sha256-zmklRovDLTZNJzAMRuA7Bv8hZnOMlxWTGQ6FIxh1Ils=",
        "owner": "Homebrew",
        "repo": "brew",
        "rev": "3f0f2574bc0c89f75271cd7ee21695bfdade50f6",
        "type": "github"
      },
      "original": {
        "owner": "Homebrew",
        "ref": "5.1.7",
        "repo": "brew",
        "type": "github"
      }
    },
    "darwin": {
      "inputs": {
        "nixpkgs": [
          "nixpkgs"
        ]
      },
      "locked": {
        "lastModified": 1777780666,
        "narHash": "sha256-8wURyQMdDkGUarSTKOGdCuFfYiwa3HbzwscUfn3STDE=",
        "owner": "LnL7",
        "repo": "nix-darwin",
        "rev": "8c62fba0854ba15c8917aed18894dbccb48a3777",
        "type": "github"
      },
      "original": {
        "owner": "LnL7",
        "ref": "master",
        "repo": "nix-darwin",
        "type": "github"
      }
    },
    "home-manager": {
      "inputs": {
        "nixpkgs": [
          "nixpkgs"
        ]
      },
      "locked": {
        "lastModified": 1778144356,
        "narHash": "sha256-dGM+QCstz/DyLB68+JK5GWyMx4QSqmOJEVgZmy63d/g=",
        "owner": "nix-community",
        "repo": "home-manager",
        "rev": "e4419d3123b780d5f4c0bceeace450424387638c",
        "type": "github"
      },
      "original": {
        "owner": "nix-community",
        "repo": "home-manager",
        "type": "github"
      }
    },
    "homebrew-cask": {
      "flake": false,
      "locked": {
        "lastModified": 1778225586,
        "narHash": "sha256-gxZkWkEAD+z5KmRGn82TE1hohgHFOxnKbVG00AqfEXQ=",
        "owner": "homebrew",
        "repo": "homebrew-cask",
        "rev": "7872cec7a5cee253b807b6432cb0eebc4139b36d",
        "type": "github"
      },
      "original": {
        "owner": "homebrew",
        "repo": "homebrew-cask",
        "type": "github"
      }
    },
    "homebrew-core": {
      "flake": false,
      "locked": {
        "lastModified": 1778223177,
        "narHash": "sha256-dEvDen+yw80bylgLoTBYoWeNJBJt0MKUBpXj3mFGyBI=",
        "owner": "homebrew",
        "repo": "homebrew-core",
        "rev": "86341fcf4665a18a88259ade2109cafa419a123c",
        "type": "github"
      },
      "original": {
        "owner": "homebrew",
        "repo": "homebrew-core",
        "type": "github"
      }
    },
    "nix-homebrew": {
      "inputs": {
        "brew-src": "brew-src"
      },
      "locked": {
        "lastModified": 1777250621,
        "narHash": "sha256-WynkkG0hdZ5niYPJUbVg7oMfu8MVwGGzKZ6lKmfa+O8=",
        "owner": "zhaofengli",
        "repo": "nix-homebrew",
        "rev": "aeb2069920742d0d6570089e8b3b8620050bacf2",
        "type": "github"
      },
      "original": {
        "owner": "zhaofengli",
        "repo": "nix-homebrew",
        "type": "github"
      }
    },
    "nixpkgs": {
      "locked": {
        "lastModified": 1778071213,
        "narHash": "sha256-IoQY5s2VV3RDkX7iuONN9avQl07ItPwcvQWiqwDdfkQ=",
        "owner": "NixOS",
        "repo": "nixpkgs",
        "rev": "07800bee2b362f6c73fe17cb1593a260c5e183c6",
        "type": "github"
      },
      "original": {
        "owner": "NixOS",
        "ref": "nixpkgs-unstable",
        "repo": "nixpkgs",
        "type": "github"
      }
    },
    "root": {
      "inputs": {
        "darwin": "darwin",
        "home-manager": "home-manager",
        "homebrew-cask": "homebrew-cask",
        "homebrew-core": "homebrew-core",
        "nix-homebrew": "nix-homebrew",
        "nixpkgs": "nixpkgs"
      }
    }
  },
  "root": "root",
  "version": 7
}
